
Microsoft Visual Studio Solution File, Format Version 12.00
# Visual Studio Version 17
VisualStudioVersion = 17.7.34009.444
MinimumVisualStudioVersion = 10.0.40219.1
Project("{FAE04EC0-301F-11D3-BF4B-00C04F79EFBC}") = "guia2ejercicio2", "guia2ejercicio2\guia2ejercicio2.csproj", "{625CFA43-4A34-4E2F-9610-CB4984B01E01}"
EndProject
Global
	GlobalSection(SolutionConfigurationPlatforms) = preSolution
		Debug|Any CPU = Debug|Any CPU
		Release|Any CPU = Release|Any CPU
	EndGlobalSection
	GlobalSection(ProjectConfigurationPlatforms) = postSolution
		{625CFA43-4A34-4E2F-9610-CB4984B01E01}.Debug|Any CPU.ActiveCfg = Debug|Any CPU
		{625CFA43-4A34-4E2F-9610-CB4984B01E01}.Debug|Any CPU.Build.0 = Debug|Any CPU
		{625CFA43-4A34-4E2F-9610-CB4984B01E01}.Release|Any CPU.ActiveCfg = Release|Any CPU
		{625CFA43-4A34-4E2F-9610-CB4984B01E01}.Release|Any CPU.Build.0 = Release|Any CPU
	EndGlobalSection
	GlobalSection(SolutionProperties) = preSolution
		HideSolutionNode = FALSE
	EndGlobalSection
	GlobalSection(ExtensibilityGlobals) = postSolution
		SolutionGuid = {D056285D-D3BE-4231-9FF0-68321A53E269}
	EndGlobalSection
EndGlobal
